
Microsoft Visual Studio Solution File, Format Version 12.00
# Visual Studio Version 17
VisualStudioVersion = 17.0.31903.59
MinimumVisualStudioVersion = 10.0.40219.1
Project("{9A19103F-16F7-4668-BE54-9A1E7A4F7556}") = "Ficha4", "Ficha4\Ficha4.csproj", "{76DB66E0-A1B0-40F0-8635-2C0543B485AA}"
EndProject
Project("{9A19103F-16F7-4668-BE54-9A1E7A4F7556}") = "Ficha5", "Ficha5\Ficha5.csproj", "{9AFB9DCA-B745-41F2-A0AA-8F8D4216BA8D}"
EndProject
Project("{FAE04EC0-301F-11D3-BF4B-00C04F79EFBC}") = "Ficha11", "Ficha11\Ficha11.csproj", "{3B3F05FF-6FCE-4894-ABEF-3EE39A73A6E0}"
EndProject
Global
	GlobalSection(SolutionConfigurationPlatforms) = preSolution
		Debug|Any CPU = Debug|Any CPU
		Release|Any CPU = Release|Any CPU
	EndGlobalSection
	GlobalSection(ProjectConfigurationPlatforms) = postSolution
		{76DB66E0-A1B0-40F0-8635-2C0543B485AA}.Debug|Any CPU.ActiveCfg = Debug|Any CPU
		{76DB66E0-A1B0-40F0-8635-2C0543B485AA}.Debug|Any CPU.Build.0 = Debug|Any CPU
		{76DB66E0-A1B0-40F0-8635-2C0543B485AA}.Release|Any CPU.ActiveCfg = Release|Any CPU
		{76DB66E0-A1B0-40F0-8635-2C0543B485AA}.Release|Any CPU.Build.0 = Release|Any CPU
		{9AFB9DCA-B745-41F2-A0AA-8F8D4216BA8D}.Debug|Any CPU.ActiveCfg = Debug|Any CPU
		{9AFB9DCA-B745-41F2-A0AA-8F8D4216BA8D}.Debug|Any CPU.Build.0 = Debug|Any CPU
		{9AFB9DCA-B745-41F2-A0AA-8F8D4216BA8D}.Release|Any CPU.ActiveCfg = Release|Any CPU
		{9AFB9DCA-B745-41F2-A0AA-8F8D4216BA8D}.Release|Any CPU.Build.0 = Release|Any CPU
		{3B3F05FF-6FCE-4894-ABEF-3EE39A73A6E0}.Debug|Any CPU.ActiveCfg = Debug|Any CPU
		{3B3F05FF-6FCE-4894-ABEF-3EE39A73A6E0}.Debug|Any CPU.Build.0 = Debug|Any CPU
		{3B3F05FF-6FCE-4894-ABEF-3EE39A73A6E0}.Release|Any CPU.ActiveCfg = Release|Any CPU
		{3B3F05FF-6FCE-4894-ABEF-3EE39A73A6E0}.Release|Any CPU.Build.0 = Release|Any CPU
	EndGlobalSection
	GlobalSection(SolutionProperties) = preSolution
		HideSolutionNode = FALSE
	EndGlobalSection
	GlobalSection(ExtensibilityGlobals) = postSolution
		SolutionGuid = {81460F22-45FF-4704-8281-3E27240FA604}
	EndGlobalSection
EndGlobal
