
Microsoft Visual Studio Solution File, Format Version 12.00
# Visual Studio Version 17
VisualStudioVersion = 17.0.31903.59
MinimumVisualStudioVersion = 10.0.40219.1
Project("{FAE04EC0-301F-11D3-BF4B-00C04F79EFBC}") = "MVC", "MVC\MVC.csproj", "{880D2ACC-81F9-4DA7-BD94-CA5472F3382A}"
EndProject
Global
	GlobalSection(SolutionConfigurationPlatforms) = preSolution
		Debug|Any CPU = Debug|Any CPU
		Release|Any CPU = Release|Any CPU
	EndGlobalSection
	GlobalSection(ProjectConfigurationPlatforms) = postSolution
		{880D2ACC-81F9-4DA7-BD94-CA5472F3382A}.Debug|Any CPU.ActiveCfg = Debug|Any CPU
		{880D2ACC-81F9-4DA7-BD94-CA5472F3382A}.Debug|Any CPU.Build.0 = Debug|Any CPU
		{880D2ACC-81F9-4DA7-BD94-CA5472F3382A}.Release|Any CPU.ActiveCfg = Release|Any CPU
		{880D2ACC-81F9-4DA7-BD94-CA5472F3382A}.Release|Any CPU.Build.0 = Release|Any CPU
	EndGlobalSection
	GlobalSection(SolutionProperties) = preSolution
		HideSolutionNode = FALSE
	EndGlobalSection
	GlobalSection(ExtensibilityGlobals) = postSolution
		SolutionGuid = {5B9C9451-197D-4EEF-AD4F-4C64A348D78F}
	EndGlobalSection
EndGlobal
