
Microsoft Visual Studio Solution File, Format Version 12.00
# Visual Studio Version 17
VisualStudioVersion = 17.0.31903.59
MinimumVisualStudioVersion = 10.0.40219.1
Project("{FAE04EC0-301F-11D3-BF4B-00C04F79EFBC}") = "Ficha6", "Ficha6\Ficha6.csproj", "{096F0F7B-D3C3-4091-98AF-5F4ECEE3023D}"
EndProject
Project("{2150E333-8FDC-42A3-9474-1A3956D46DE8}") = "Solution Items", "Solution Items", "{A351ED11-44CF-46A2-99E2-E18FA0127246}"
	ProjectSection(SolutionItems) = preProject
		.editorconfig = .editorconfig
	EndProjectSection
EndProject
Global
	GlobalSection(SolutionConfigurationPlatforms) = preSolution
		Debug|Any CPU = Debug|Any CPU
		Release|Any CPU = Release|Any CPU
	EndGlobalSection
	GlobalSection(ProjectConfigurationPlatforms) = postSolution
		{096F0F7B-D3C3-4091-98AF-5F4ECEE3023D}.Debug|Any CPU.ActiveCfg = Debug|Any CPU
		{096F0F7B-D3C3-4091-98AF-5F4ECEE3023D}.Debug|Any CPU.Build.0 = Debug|Any CPU
		{096F0F7B-D3C3-4091-98AF-5F4ECEE3023D}.Release|Any CPU.ActiveCfg = Release|Any CPU
		{096F0F7B-D3C3-4091-98AF-5F4ECEE3023D}.Release|Any CPU.Build.0 = Release|Any CPU
	EndGlobalSection
	GlobalSection(SolutionProperties) = preSolution
		HideSolutionNode = FALSE
	EndGlobalSection
	GlobalSection(ExtensibilityGlobals) = postSolution
		SolutionGuid = {BC525436-502B-4958-8C48-BA83E9D9EE31}
	EndGlobalSection
EndGlobal
