
Microsoft Visual Studio Solution File, Format Version 12.00
# Visual Studio Version 17
VisualStudioVersion = 17.0.31903.59
MinimumVisualStudioVersion = 10.0.40219.1
Project("{FAE04EC0-301F-11D3-BF4B-00C04F79EFBC}") = "WebApplication1", "WebApplication1\WebApplication1.csproj", "{07F50CCD-A1BD-43F1-A985-698A2C3C22FC}"
EndProject
Global
	GlobalSection(SolutionConfigurationPlatforms) = preSolution
		Debug|Any CPU = Debug|Any CPU
		Release|Any CPU = Release|Any CPU
	EndGlobalSection
	GlobalSection(ProjectConfigurationPlatforms) = postSolution
		{07F50CCD-A1BD-43F1-A985-698A2C3C22FC}.Debug|Any CPU.ActiveCfg = Debug|Any CPU
		{07F50CCD-A1BD-43F1-A985-698A2C3C22FC}.Debug|Any CPU.Build.0 = Debug|Any CPU
		{07F50CCD-A1BD-43F1-A985-698A2C3C22FC}.Release|Any CPU.ActiveCfg = Release|Any CPU
		{07F50CCD-A1BD-43F1-A985-698A2C3C22FC}.Release|Any CPU.Build.0 = Release|Any CPU
	EndGlobalSection
	GlobalSection(SolutionProperties) = preSolution
		HideSolutionNode = FALSE
	EndGlobalSection
	GlobalSection(ExtensibilityGlobals) = postSolution
		SolutionGuid = {C8B357F9-6F24-47E7-871C-16104E78E72B}
	EndGlobalSection
EndGlobal
