
Microsoft Visual Studio Solution File, Format Version 12.00
# Visual Studio Version 17
VisualStudioVersion = 17.0.31903.59
MinimumVisualStudioVersion = 10.0.40219.1
Project("{FAE04EC0-301F-11D3-BF4B-00C04F79EFBC}") = "Ficha6_", "Ficha6_\Ficha6_.csproj", "{AC6D3701-06E7-4ACC-9C91-B5F37F407B5D}"
EndProject
Global
	GlobalSection(SolutionConfigurationPlatforms) = preSolution
		Debug|Any CPU = Debug|Any CPU
		Release|Any CPU = Release|Any CPU
	EndGlobalSection
	GlobalSection(ProjectConfigurationPlatforms) = postSolution
		{AC6D3701-06E7-4ACC-9C91-B5F37F407B5D}.Debug|Any CPU.ActiveCfg = Debug|Any CPU
		{AC6D3701-06E7-4ACC-9C91-B5F37F407B5D}.Debug|Any CPU.Build.0 = Debug|Any CPU
		{AC6D3701-06E7-4ACC-9C91-B5F37F407B5D}.Release|Any CPU.ActiveCfg = Release|Any CPU
		{AC6D3701-06E7-4ACC-9C91-B5F37F407B5D}.Release|Any CPU.Build.0 = Release|Any CPU
	EndGlobalSection
	GlobalSection(SolutionProperties) = preSolution
		HideSolutionNode = FALSE
	EndGlobalSection
	GlobalSection(ExtensibilityGlobals) = postSolution
		SolutionGuid = {FC88C403-676E-48B0-B764-A665B43D4CAE}
	EndGlobalSection
EndGlobal
