
Microsoft Visual Studio Solution File, Format Version 12.00
# Visual Studio Version 17
VisualStudioVersion = 17.0.31903.59
MinimumVisualStudioVersion = 10.0.40219.1
Project("{FAE04EC0-301F-11D3-BF4B-00C04F79EFBC}") = "Ficha9", "Ficha9\Ficha9.csproj", "{8607D1F5-06C9-44B7-8454-3BACB7B4D57A}"
EndProject
Global
	GlobalSection(SolutionConfigurationPlatforms) = preSolution
		Debug|Any CPU = Debug|Any CPU
		Release|Any CPU = Release|Any CPU
	EndGlobalSection
	GlobalSection(ProjectConfigurationPlatforms) = postSolution
		{8607D1F5-06C9-44B7-8454-3BACB7B4D57A}.Debug|Any CPU.ActiveCfg = Debug|Any CPU
		{8607D1F5-06C9-44B7-8454-3BACB7B4D57A}.Debug|Any CPU.Build.0 = Debug|Any CPU
		{8607D1F5-06C9-44B7-8454-3BACB7B4D57A}.Release|Any CPU.ActiveCfg = Release|Any CPU
		{8607D1F5-06C9-44B7-8454-3BACB7B4D57A}.Release|Any CPU.Build.0 = Release|Any CPU
	EndGlobalSection
	GlobalSection(SolutionProperties) = preSolution
		HideSolutionNode = FALSE
	EndGlobalSection
	GlobalSection(ExtensibilityGlobals) = postSolution
		SolutionGuid = {51746A04-409F-4A1C-A82A-154D9C8EE8D7}
	EndGlobalSection
EndGlobal
