
Microsoft Visual Studio Solution File, Format Version 12.00
# Visual Studio Version 17
VisualStudioVersion = 17.1.32228.430
MinimumVisualStudioVersion = 10.0.40219.1
Project("{FAE04EC0-301F-11D3-BF4B-00C04F79EFBC}") = "Ficha14", "Ficha14\Ficha14.csproj", "{88900EEE-38D8-4575-812C-B4DF9D827177}"
EndProject
Global
	GlobalSection(SolutionConfigurationPlatforms) = preSolution
		Debug|Any CPU = Debug|Any CPU
		Release|Any CPU = Release|Any CPU
	EndGlobalSection
	GlobalSection(ProjectConfigurationPlatforms) = postSolution
		{88900EEE-38D8-4575-812C-B4DF9D827177}.Debug|Any CPU.ActiveCfg = Debug|Any CPU
		{88900EEE-38D8-4575-812C-B4DF9D827177}.Debug|Any CPU.Build.0 = Debug|Any CPU
		{88900EEE-38D8-4575-812C-B4DF9D827177}.Release|Any CPU.ActiveCfg = Release|Any CPU
		{88900EEE-38D8-4575-812C-B4DF9D827177}.Release|Any CPU.Build.0 = Release|Any CPU
	EndGlobalSection
	GlobalSection(SolutionProperties) = preSolution
		HideSolutionNode = FALSE
	EndGlobalSection
	GlobalSection(ExtensibilityGlobals) = postSolution
		SolutionGuid = {DA785111-A208-4A6C-BB79-2F00DDB49D32}
	EndGlobalSection
EndGlobal
