
Microsoft Visual Studio Solution File, Format Version 12.00
# Visual Studio Version 17
VisualStudioVersion = 17.1.32228.430
MinimumVisualStudioVersion = 10.0.40219.1
Project("{FAE04EC0-301F-11D3-BF4B-00C04F79EFBC}") = "Ficha15", "Ficha15\Ficha15.csproj", "{ABC12F90-5CBD-4C87-B473-79C077051F9C}"
EndProject
Global
	GlobalSection(SolutionConfigurationPlatforms) = preSolution
		Debug|Any CPU = Debug|Any CPU
		Release|Any CPU = Release|Any CPU
	EndGlobalSection
	GlobalSection(ProjectConfigurationPlatforms) = postSolution
		{ABC12F90-5CBD-4C87-B473-79C077051F9C}.Debug|Any CPU.ActiveCfg = Debug|Any CPU
		{ABC12F90-5CBD-4C87-B473-79C077051F9C}.Debug|Any CPU.Build.0 = Debug|Any CPU
		{ABC12F90-5CBD-4C87-B473-79C077051F9C}.Release|Any CPU.ActiveCfg = Release|Any CPU
		{ABC12F90-5CBD-4C87-B473-79C077051F9C}.Release|Any CPU.Build.0 = Release|Any CPU
	EndGlobalSection
	GlobalSection(SolutionProperties) = preSolution
		HideSolutionNode = FALSE
	EndGlobalSection
	GlobalSection(ExtensibilityGlobals) = postSolution
		SolutionGuid = {386ED72D-1FC5-4F95-8753-38EA720B90F5}
	EndGlobalSection
EndGlobal
